
Microsoft Visual Studio Solution File, Format Version 12.00
# Visual Studio Version 17
VisualStudioVersion = 17.14.36327.8 d17.14
MinimumVisualStudioVersion = 10.0.40219.1
Project("{FAE04EC0-301F-11D3-BF4B-00C04F79EFBC}") = "ListaDeCompras1", "ListaDeCompras1\ListaDeCompras1.csproj", "{FE6FB3AD-0720-43FB-8F72-804A6D313C69}"
EndProject
Global
	GlobalSection(SolutionConfigurationPlatforms) = preSolution
		Debug|Any CPU = Debug|Any CPU
		Release|Any CPU = Release|Any CPU
	EndGlobalSection
	GlobalSection(ProjectConfigurationPlatforms) = postSolution
		{FE6FB3AD-0720-43FB-8F72-804A6D313C69}.Debug|Any CPU.ActiveCfg = Debug|Any CPU
		{FE6FB3AD-0720-43FB-8F72-804A6D313C69}.Debug|Any CPU.Build.0 = Debug|Any CPU
		{FE6FB3AD-0720-43FB-8F72-804A6D313C69}.Release|Any CPU.ActiveCfg = Release|Any CPU
		{FE6FB3AD-0720-43FB-8F72-804A6D313C69}.Release|Any CPU.Build.0 = Release|Any CPU
	EndGlobalSection
	GlobalSection(SolutionProperties) = preSolution
		HideSolutionNode = FALSE
	EndGlobalSection
	GlobalSection(ExtensibilityGlobals) = postSolution
		SolutionGuid = {15E5DD89-E667-4C8C-A747-383558CA5CDF}
	EndGlobalSection
EndGlobal
